# THIS IS AN AUTOGENERATED FILE. DO NOT EDIT THIS FILE DIRECTLY.
# yarn lockfile v1


"@discordjs/collection@^0.1.1":
  version "0.1.3"
  resolved "https://registry.yarnpkg.com/@discordjs/collection/-/collection-0.1.3.tgz#af9b1c22ccb2ee5c0cad1e1bd2bc3d82a817b05f"
  integrity sha512-4ek19SmNcPI92942RkuBrZrBK8hg7nG+ae/skkNNDeOaUG+XvxTPkv/jPZVgXwVPDkU5EFsewsI+0n4dTwFvgA==

abort-controller@^3.0.0:
  version "3.0.0"
  resolved "https://registry.yarnpkg.com/abort-controller/-/abort-controller-3.0.0.tgz#eaf54d53b62bae4138e809ca225c8439a6efb392"
  integrity sha512-h8lQ8tacZYnR3vNQTgibj+tODHI5/+l06Au2Pcriv/Gmet0eaj4TwWH41sO9wnHDiQsEj19q0drzdWdeAHtweg==
  dependencies:
    event-target-shim "^5.0.0"

async-limiter@~1.0.0:
  version "1.0.1"
  resolved "https://registry.yarnpkg.com/async-limiter/-/async-limiter-1.0.1.tgz#dd379e94f0db8310b08291f9d64c3209766617fd"
  integrity sha512-csOlWGAcRFJaI6m+F2WKdnMKr4HhdhFVBk0H/QbJFMCr+uO2kwohwXQPxw/9OCxp05r5ghVBFSyioixx3gfkNQ==

asynckit@^0.4.0:
  version "0.4.0"
  resolved "https://registry.yarnpkg.com/asynckit/-/asynckit-0.4.0.tgz#c79ed97f7f34cb8f2ba1bc9790bcc366474b4b79"
  integrity sha1-x57Zf380y48robyXkLzDZkdLS3k=

bindings@1, bindings@^1.5.0:
  version "1.5.0"
  resolved "https://registry.yarnpkg.com/bindings/-/bindings-1.5.0.tgz#10353c9e945334bc0511a6d90b38fbc7c9c504df"
  integrity sha512-p2q/t/mhvuOj/UeLlV6566GD/guowlr0hHxClI0W9m7MWYkL1F0hLo+0Aexs9HSPCtR1SXQ0TD3MMKrXZajbiQ==
  dependencies:
    file-uri-to-path "1.0.0"

bindings@~1.2.1:
  version "1.2.1"
  resolved "https://registry.yarnpkg.com/bindings/-/bindings-1.2.1.tgz#14ad6113812d2d37d72e67b4cacb4bb726505f11"
  integrity sha1-FK1hE4EtLTfXLme0ystLtyZQXxE=

bufferutil@^4.0.1:
  version "4.0.1"
  resolved "https://registry.yarnpkg.com/bufferutil/-/bufferutil-4.0.1.tgz#3a177e8e5819a1243fe16b63a199951a7ad8d4a7"
  integrity sha512-xowrxvpxojqkagPcWRQVXZl0YXhRhAtBEIq3VoER1NH5Mw1n1o0ojdspp+GS2J//2gCVyrzQDApQ4unGF+QOoA==
  dependencies:
    node-gyp-build "~3.7.0"

combined-stream@^1.0.6:
  version "1.0.8"
  resolved "https://registry.yarnpkg.com/combined-stream/-/combined-stream-1.0.8.tgz#c3d45a8b34fd730631a110a8a2520682b31d5a7f"
  integrity sha512-FQN4MRfuJeHf7cBbBMJFXhKSDq+2kAArBlmRBvcvFE5BB1HZKXtSFASDhdlz9zOYwxh8lDdnvmMOe/+5cdoEdg==
  dependencies:
    delayed-stream "~1.0.0"

commander@^2.9.0:
  version "2.20.3"
  resolved "https://registry.yarnpkg.com/commander/-/commander-2.20.3.tgz#fd485e84c03eb4881c20722ba48035e8531aeb33"
  integrity sha512-GpVkmM8vF2vQUkj2LvZmD35JxeJOLCwJ9cUkugyk2nuhbv3+mJvpLYYt+0+USMxE+oj+ey/lJEnhZw75x/OMcQ==

debug@2:
  version "2.6.9"
  resolved "https://registry.yarnpkg.com/debug/-/debug-2.6.9.tgz#5d128515df134ff327e90a4c93f4e077a536341f"
  integrity sha512-bC7ElrdJaJnPbAP+1EotYvqZsb3ecl5wi6Bfi6BJTUcNowp6cvspg0jXznRTKDjm/E7AdgFBVeAPVMNcKGsHMA==
  dependencies:
    ms "2.0.0"

delayed-stream@~1.0.0:
  version "1.0.0"
  resolved "https://registry.yarnpkg.com/delayed-stream/-/delayed-stream-1.0.0.tgz#df3ae199acadfb7d440aaae0b29e2272b24ec619"
  integrity sha1-3zrhmayt+31ECqrgsp4icrJOxhk=

"discord.js@github:discordjs/discord.js":
  version "12.0.0-dev"
  resolved "https://codeload.github.com/discordjs/discord.js/tar.gz/3a9eb5b92928631edc79e09894ba6bbad90516f7"
  dependencies:
    "@discordjs/collection" "^0.1.1"
    abort-controller "^3.0.0"
    form-data "^2.3.3"
    node-fetch "^2.3.0"
    pako "^1.0.8"
    prism-media "^1.0.0"
    setimmediate "^1.0.5"
    tweetnacl "^1.0.1"
    ws "^6.1.3"

"erlpack@github:discordapp/erlpack":
  version "0.1.3"
  resolved "https://codeload.github.com/discordapp/erlpack/tar.gz/5d0064f9e106841e1eead711a6451f99b0d289fd"
  dependencies:
    bindings "^1.5.0"
    nan "^2.14.0"

event-target-shim@^5.0.0:
  version "5.0.1"
  resolved "https://registry.yarnpkg.com/event-target-shim/-/event-target-shim-5.0.1.tgz#5d4d3ebdf9583d63a5333ce2deb7480ab2b05789"
  integrity sha512-i/2XbnSz/uxRCU6+NdVJgKWDTM427+MqYbkQzD321DuCQJUqOuJKIA0IM2+W2xtYHdKOmZ4dR6fExsd4SXL+WQ==

ffmpeg@0.0.4:
  version "0.0.4"
  resolved "https://registry.yarnpkg.com/ffmpeg/-/ffmpeg-0.0.4.tgz#1c460df8e7da5127f62ceef4bfa06c59c89630cb"
  integrity sha1-HEYN+OfaUSf2LO70v6BsWciWMMs=
  dependencies:
    when ">= 0.0.1"

file-uri-to-path@1.0.0:
  version "1.0.0"
  resolved "https://registry.yarnpkg.com/file-uri-to-path/-/file-uri-to-path-1.0.0.tgz#553a7b8446ff6f684359c445f1e37a05dacc33dd"
  integrity sha512-0Zt+s3L7Vf1biwWZ29aARiVYLx7iMGnEUl9x33fbB/j3jR81u/O2LbqK+Bm1CDSNDKVtJ/YjwY7TUd5SkeLQLw==

form-data@^2.3.3:
  version "2.5.1"
  resolved "https://registry.yarnpkg.com/form-data/-/form-data-2.5.1.tgz#f2cbec57b5e59e23716e128fe44d4e5dd23895f4"
  integrity sha512-m21N3WOmEEURgk6B9GLOE4RuWOFf28Lhh9qGYeNlGq4VDXUlJy2th2slBNU8Gp8EzloYZOibZJ7t5ecIrFSjVA==
  dependencies:
    asynckit "^0.4.0"
    combined-stream "^1.0.6"
    mime-types "^2.1.12"

libsodium-wrappers@^0.7.6:
  version "0.7.6"
  resolved "https://registry.yarnpkg.com/libsodium-wrappers/-/libsodium-wrappers-0.7.6.tgz#baed4c16d4bf9610104875ad8a8e164d259d48fb"
  integrity sha512-OUO2CWW5bHdLr6hkKLHIKI4raEkZrf3QHkhXsJ1yCh6MZ3JDA7jFD3kCATNquuGSG6MjjPHQIQms0y0gBDzjQg==
  dependencies:
    libsodium "0.7.6"

libsodium@0.7.6:
  version "0.7.6"
  resolved "https://registry.yarnpkg.com/libsodium/-/libsodium-0.7.6.tgz#018b80c5728054817845fbffa554274441bda277"
  integrity sha512-hPb/04sEuLcTRdWDtd+xH3RXBihpmbPCsKW/Jtf4PsvdyKh+D6z2D2gvp/5BfoxseP+0FCOg66kE+0oGUE/loQ==

mime-db@1.40.0:
  version "1.40.0"
  resolved "https://registry.yarnpkg.com/mime-db/-/mime-db-1.40.0.tgz#a65057e998db090f732a68f6c276d387d4126c32"
  integrity sha512-jYdeOMPy9vnxEqFRRo6ZvTZ8d9oPb+k18PKoYNYUe2stVEBPPwsln/qWzdbmaIvnhZ9v2P+CuecK+fpUfsV2mA==

mime-types@^2.1.12:
  version "2.1.24"
  resolved "https://registry.yarnpkg.com/mime-types/-/mime-types-2.1.24.tgz#b6f8d0b3e951efb77dedeca194cff6d16f676f81"
  integrity sha512-WaFHS3MCl5fapm3oLxU4eYDw77IQM2ACcxQ9RIxfaC3ooc6PFuBMGZZsYpvoXS5D5QTWPieo1jjLdAm3TBP3cQ==
  dependencies:
    mime-db "1.40.0"

ms@2.0.0:
  version "2.0.0"
  resolved "https://registry.yarnpkg.com/ms/-/ms-2.0.0.tgz#5608aeadfc00be6c2901df5f9861788de0d597c8"
  integrity sha1-VgiurfwAvmwpAd9fmGF4jeDVl8g=

nan@2, nan@^2.14.0:
  version "2.14.0"
  resolved "https://registry.yarnpkg.com/nan/-/nan-2.14.0.tgz#7818f722027b2459a86f0295d434d1fc2336c52c"
  integrity sha512-INOFj37C7k3AfaNTtX8RhsTw7qRy7eLET14cROi9+5HAVbbHuIWUHEauBv5qT4Av2tWasiTY1Jw6puUNqRJXQg==

node-addon-api@^1.6.3:
  version "1.7.1"
  resolved "https://registry.yarnpkg.com/node-addon-api/-/node-addon-api-1.7.1.tgz#cf813cd69bb8d9100f6bdca6755fc268f54ac492"
  integrity sha512-2+DuKodWvwRTrCfKOeR24KIc5unKjOh8mz17NCzVnHWfjAdDqbfbjqh7gUT+BkXBRQM52+xCHciKWonJ3CbJMQ==

node-fetch@^2.3.0:
  version "2.6.0"
  resolved "https://registry.yarnpkg.com/node-fetch/-/node-fetch-2.6.0.tgz#e633456386d4aa55863f676a7ab0daa8fdecb0fd"
  integrity sha512-8dG4H5ujfvFiqDmVu9fQ5bOHUC15JMjMY/Zumv26oOvvVJjM67KF8koCWIabKQ1GJIa9r2mMZscBq/TbdOcmNA==

node-gyp-build@~3.7.0:
  version "3.7.0"
  resolved "https://registry.yarnpkg.com/node-gyp-build/-/node-gyp-build-3.7.0.tgz#daa77a4f547b9aed3e2aac779eaf151afd60ec8d"
  integrity sha512-L/Eg02Epx6Si2NXmedx+Okg+4UHqmaf3TNcxd50SF9NQGcJaON3AtU++kax69XV7YWz4tUspqZSAsVofhFKG2w==

node-opus@^0.3.3:
  version "0.3.3"
  resolved "https://registry.yarnpkg.com/node-opus/-/node-opus-0.3.3.tgz#bde2369b13b7d34f6e35d2a7fc97d7e4936d0211"
  integrity sha512-ZQniA8iJ6y/qOTmW6eyzM9m8odt4CIGV0NM9/U03/pYLhGyxy18QXO25WfrWd8XsUYx57tnxll2xxj54CN08uQ==
  dependencies:
    bindings "~1.2.1"
    commander "^2.9.0"
    nan "^2.14.0"
  optionalDependencies:
    ogg-packet "^1.0.0"

ogg-packet@^1.0.0:
  version "1.0.1"
  resolved "https://registry.yarnpkg.com/ogg-packet/-/ogg-packet-1.0.1.tgz#6b7d6c7a743c5f1ae9277c3b1271cac256af4785"
  integrity sha512-dW1ok3BMnMikyXGDIgVEckWnlViW8JLWQV4qj9aN/rNRVqHlDYSlcIEtSIMH7tpuUOiIxAhY3+OxNdIOm6s17A==
  dependencies:
    ref-struct "*"

opusscript@0.0.7:
  version "0.0.7"
  resolved "https://registry.yarnpkg.com/opusscript/-/opusscript-0.0.7.tgz#7dd7ec55b302d26bf588e6fc3feb090b8c7da856"
  integrity sha512-DcBadTdYTUuH9zQtepsLjQn4Ll6rs3dmeFvN+SD0ThPnxRBRm/WC1zXWPg+wgAJimB784gdZvUMA57gDP7FdVg==

pako@^1.0.8:
  version "1.0.10"
  resolved "https://registry.yarnpkg.com/pako/-/pako-1.0.10.tgz#4328badb5086a426aa90f541977d4955da5c9732"
  integrity sha512-0DTvPVU3ed8+HNXOu5Bs+o//Mbdj9VNQMUOe9oKCwh8l0GNwpTDMKCWbRjgtD291AWnkAgkqA/LOnQS8AmS1tw==

prism-media@^1.0.0:
  version "1.1.0"
  resolved "https://registry.yarnpkg.com/prism-media/-/prism-media-1.1.0.tgz#64fd9abf64719d627b99360bfbe1a81d3ac0c593"
  integrity sha512-W+oxjRyjtd7hw3pefNZuc7YEZ6VICORJvVNfCPs0+7CsJ43CqMjGAYGjPL3hQ82vw03EVra+CiX4zisqOBUUGw==

ref-struct@*:
  version "1.1.0"
  resolved "https://registry.yarnpkg.com/ref-struct/-/ref-struct-1.1.0.tgz#5d5ee65ad41cefc3a5c5feb40587261e479edc13"
  integrity sha1-XV7mWtQc78Olxf60BYcmHkee3BM=
  dependencies:
    debug "2"
    ref "1"

ref@1:
  version "1.3.5"
  resolved "https://registry.yarnpkg.com/ref/-/ref-1.3.5.tgz#0e33f080cdb94a3d95312b2b3b1fd0f82044ca0f"
  integrity sha512-2cBCniTtxcGUjDpvFfVpw323a83/0RLSGJJY5l5lcomZWhYpU2cuLdsvYqMixvsdLJ9+sTdzEkju8J8ZHDM2nA==
  dependencies:
    bindings "1"
    debug "2"
    nan "2"

setimmediate@^1.0.5:
  version "1.0.5"
  resolved "https://registry.yarnpkg.com/setimmediate/-/setimmediate-1.0.5.tgz#290cbb232e306942d7d7ea9b83732ab7856f8285"
  integrity sha1-KQy7Iy4waULX1+qbg3Mqt4VvgoU=

tweetnacl@^1.0.1:
  version "1.0.1"
  resolved "https://registry.yarnpkg.com/tweetnacl/-/tweetnacl-1.0.1.tgz#2594d42da73cd036bd0d2a54683dd35a6b55ca17"
  integrity sha512-kcoMoKTPYnoeS50tzoqjPY3Uv9axeuuFAZY9M/9zFnhoVvRfxz9K29IMPD7jGmt2c8SW7i3gT9WqDl2+nV7p4A==

"when@>= 0.0.1":
  version "3.7.8"
  resolved "https://registry.yarnpkg.com/when/-/when-3.7.8.tgz#c7130b6a7ea04693e842cdc9e7a1f2aa39a39f82"
  integrity sha1-xxMLan6gRpPoQs3J56Hyqjmjn4I=

ws@^6.1.3:
  version "6.2.1"
  resolved "https://registry.yarnpkg.com/ws/-/ws-6.2.1.tgz#442fdf0a47ed64f59b6a5d8ff130f4748ed524fb"
  integrity sha512-GIyAXC2cB7LjvpgMt9EKS2ldqr0MTrORaleiOno6TweZ6r3TKtoFQWay/2PceJ3RuBasOHzXNn5Lrw1X0bEjqA==
  dependencies:
    async-limiter "~1.0.0"

zlib-sync@^0.1.6:
  version "0.1.6"
  resolved "https://registry.yarnpkg.com/zlib-sync/-/zlib-sync-0.1.6.tgz#9136ba8b66a75485fefe51aa68f9b49a5ae420eb"
  integrity sha512-B2XGrhlXs/izEks+705vn/aL+nWyPgnS1glyCeH8wgZdOvztRn3ZEdqclj6GoJSeA/iRSqaTlznG2KO1M/GuWg==
  dependencies:
    nan "^2.14.0"

zucc@^0.1.2:
  version "0.1.2"
  resolved "https://registry.yarnpkg.com/zucc/-/zucc-0.1.2.tgz#d072a0379c49c560acf8d94f1c219a36d050217c"
  integrity sha512-G2x33eO7X79+7eSnwL9+uWYxxCEXk+P4BkcrVYpV6NTxynqjFhhiWLxbXsq5Lx4B36dYlXpvRoOk0a82TUKgRw==
  dependencies:
    bindings "^1.5.0"
    node-addon-api "^1.6.3"
